{
  "name": "svelte-demos",
  "version": "0.2.0",
  "lockfileVersion": 1,
  "requires": true,
  "dependencies": {
    "@polka/url": {
      "version": "0.5.0",
      "resolved": "https://registry.npmjs.org/@polka/url/-/url-0.5.0.tgz",
      "integrity": "sha512-oZLYFEAzUKyi3SKnXvj32ZCEGH6RDnao7COuCVhDydMS9NrCSVXhM79VaKyP5+Zc33m0QXEd2DN3UkU7OsHcfw==",
      "dev": true
    },
    "console-clear": {
      "version": "1.1.1",
      "resolved": "https://registry.npmjs.org/console-clear/-/console-clear-1.1.1.tgz",
      "integrity": "sha512-pMD+MVR538ipqkG5JXeOEbKWS5um1H4LUUccUQG68qpeqBYbzYy79Gh55jkd2TtPdRfUaLWdv6LPP//5Zt0aPQ==",
      "dev": true
    },
    "get-port": {
      "version": "3.2.0",
      "resolved": "https://registry.npmjs.org/get-port/-/get-port-3.2.0.tgz",
      "integrity": "sha1-3Xzn3hh8Bsi/NTeWrHHgmfCYDrw=",
      "dev": true
    },
    "kleur": {
      "version": "3.0.3",
      "resolved": "https://registry.npmjs.org/kleur/-/kleur-3.0.3.tgz",
      "integrity": "sha512-eTIzlVOSUR+JxdDFepEYcBMtZ9Qqdef+rnzWdRZuMbOywu5tO2w2N7rqjoANZ5k9vywhL6Br1VRjUIgTQx4E8w==",
      "dev": true
    },
    "local-access": {
      "version": "1.0.1",
      "resolved": "https://registry.npmjs.org/local-access/-/local-access-1.0.1.tgz",
      "integrity": "sha512-ykt2pgN0aqIy6KQC1CqdWTWkmUwNgaOS6dcpHVjyBJONA+Xi7AtSB1vuxC/U/0tjIP3wcRudwQk1YYzUvzk2bA==",
      "dev": true
    },
    "mime": {
      "version": "2.4.4",
      "resolved": "https://registry.npmjs.org/mime/-/mime-2.4.4.tgz",
      "integrity": "sha512-LRxmNwziLPT828z+4YkNzloCFC2YM4wrB99k+AV5ZbEyfGNWfG8SO1FUXLmLDBSo89NrJZ4DIWeLjy1CHGhMGA==",
      "dev": true
    },
    "mri": {
      "version": "1.1.4",
      "resolved": "https://registry.npmjs.org/mri/-/mri-1.1.4.tgz",
      "integrity": "sha512-6y7IjGPm8AzlvoUrwAaw1tLnUBudaS3752vcd8JtrpGGQn+rXIe63LFVHm/YMwtqAuh+LJPCFdlLYPWM1nYn6w==",
      "dev": true
    },
    "sade": {
      "version": "1.5.1",
      "resolved": "https://registry.npmjs.org/sade/-/sade-1.5.1.tgz",
      "integrity": "sha512-AaJ2YTQ//zHZWBgxa7QC8UnxNlBP8dlRQI3qId046rscbesVy0EZFvKXrL0CQBb6mFLdio/8Hvh8Pydygqf+ag==",
      "dev": true,
      "requires": {
        "mri": "^1.1.0"
      }
    },
    "sirv": {
      "version": "0.4.2",
      "resolved": "https://registry.npmjs.org/sirv/-/sirv-0.4.2.tgz",
      "integrity": "sha512-dQbZnsMaIiTQPZmbGmktz+c74zt/hyrJEB4tdp2Jj0RNv9J6B/OWR5RyrZEvIn9fyh9Zlg2OlE2XzKz6wMKGAw==",
      "dev": true,
      "requires": {
        "@polka/url": "^0.5.0",
        "mime": "^2.3.1"
      }
    },
    "sirv-cli": {
      "version": "0.4.4",
      "resolved": "https://registry.npmjs.org/sirv-cli/-/sirv-cli-0.4.4.tgz",
      "integrity": "sha512-7SsPrYWptRcOvS7/8VIxYDibLDRB4apZaU+y8lfuSnyjYFg0AVVU3J0qcQjWPxT9Ti/DtHnmbivJ+ZTh8L0ykg==",
      "dev": true,
      "requires": {
        "console-clear": "^1.1.0",
        "get-port": "^3.2.0",
        "kleur": "^3.0.0",
        "local-access": "^1.0.1",
        "sade": "^1.4.0",
        "sirv": "^0.4.2",
        "tinydate": "^1.0.0"
      }
    },
    "tinydate": {
      "version": "1.1.0",
      "resolved": "https://registry.npmjs.org/tinydate/-/tinydate-1.1.0.tgz",
      "integrity": "sha512-YF6YTOyBRHX4b3EtEI0W/mROcv82Gt6VccmVuSAkRV3FNORug2457wSGvT2cThbfuctQvVSmC5GobGheScxtIw==",
      "dev": true
    }
  }
}
